{
  "name": "lab1",
  "version": "1.0.0",
  "lockfileVersion": 3,
  "requires": true,
  "packages": {
    "": {
      "name": "lab1",
      "version": "1.0.0",
      "license": "ISC",
      "dependencies": {
        "reverse-geocode": "^1.3.3"
      },
      "devDependencies": {
        "reverse_array_number": "^1.0.3"
      }
    },
    "node_modules/reverse_array_number": {
      "version": "1.0.3",
      "resolved": "https://registry.npmjs.org/reverse_array_number/-/reverse_array_number-1.0.3.tgz",
      "integrity": "sha512-atZp/QMA9ZLW2WqyrQRUx3dTOKVQSZ03TezAo32wMVZOJD5ESVTrdy/XkL/+24LowAKn2vF4RBrSXrAmdgZ/gQ==",
      "dev": true
    },
    "node_modules/reverse-geocode": {
      "version": "1.3.3",
      "resolved": "https://registry.npmjs.org/reverse-geocode/-/reverse-geocode-1.3.3.tgz",
      "integrity": "sha512-xfFKCmCjLk/WyEtsyZycZwlRiV02alFIjWv/yoTamolLFtWwAGTfk15BhaLblXvMpf+nwrfalzH+3jxc7g+8gA==",
      "engines": {
        "node": ">=10"
      }
    }
  }
}
